// !$*UTF8*$!
{
	archiveVersion = 1;
	classes = {
	};
	objectVersion = 46;
	objects = {

/* Begin PBXBuildFile section */
		2E1279CF16B271AB00DD4619 /* JCPriorityQueue.m in Sources */ = {isa = PBXBuildFile; fileRef = 2E1279CC16B271AB00DD4619 /* JCPriorityQueue.m */; };
		2E1279D016B271AB00DD4619 /* JCSuperPriorityQueue.mm in Sources */ = {isa = PBXBuildFile; fileRef = 2E1279CE16B271AB00DD4619 /* JCSuperPriorityQueue.mm */; settings = {COMPILER_FLAGS = "-fno-objc-arc"; }; };
		2E2CE72416AAD33400E1534D /* BlankRecipeDB.sqlite in Resources */ = {isa = PBXBuildFile; fileRef = 2E2CE72316AAD33400E1534D /* BlankRecipeDB.sqlite */; };
		2E30873416ADF11E0071EB5A /* BrowseViewController.m in Sources */ = {isa = PBXBuildFile; fileRef = 2E30873216ADF11E0071EB5A /* BrowseViewController.m */; };
		2E30873516ADF11E0071EB5A /* BrowseViewController.xib in Resources */ = {isa = PBXBuildFile; fileRef = 2E30873316ADF11E0071EB5A /* BrowseViewController.xib */; };
		2E50941016AC464500EABF2D /* MainStoryboard.storyboard in Resources */ = {isa = PBXBuildFile; fileRef = 2E50940F16AC464500EABF2D /* MainStoryboard.storyboard */; };
		2E6A737316B188D40040FE7D /* Node.m in Sources */ = {isa = PBXBuildFile; fileRef = 2E6A737216B188D40040FE7D /* Node.m */; };
		2E6A737616B18D860040FE7D /* KDTree.m in Sources */ = {isa = PBXBuildFile; fileRef = 2E6A737516B18D860040FE7D /* KDTree.m */; };
		2E8C9B0716B1D4D600E08D7A /* AddAmountViewController.m in Sources */ = {isa = PBXBuildFile; fileRef = 2E8C9B0516B1D4D600E08D7A /* AddAmountViewController.m */; };
		2E8C9B0816B1D4D600E08D7A /* AddAmountViewController.xib in Resources */ = {isa = PBXBuildFile; fileRef = 2E8C9B0616B1D4D600E08D7A /* AddAmountViewController.xib */; };
		2EAAADD916A85D9800D076E3 /* recipes in Resources */ = {isa = PBXBuildFile; fileRef = 2EAAADD816A85D9800D076E3 /* recipes */; };
		2EAB3D5A166FEF2400FA8572 /* UIKit.framework in Frameworks */ = {isa = PBXBuildFile; fileRef = 2EAB3D59166FEF2400FA8572 /* UIKit.framework */; };
		2EAB3D5C166FEF2400FA8572 /* Foundation.framework in Frameworks */ = {isa = PBXBuildFile; fileRef = 2EAB3D5B166FEF2400FA8572 /* Foundation.framework */; };
		2EAB3D5E166FEF2400FA8572 /* CoreGraphics.framework in Frameworks */ = {isa = PBXBuildFile; fileRef = 2EAB3D5D166FEF2400FA8572 /* CoreGraphics.framework */; };
		2EAB3D64166FEF2400FA8572 /* InfoPlist.strings in Resources */ = {isa = PBXBuildFile; fileRef = 2EAB3D62166FEF2400FA8572 /* InfoPlist.strings */; };
		2EAB3D66166FEF2400FA8572 /* main.m in Sources */ = {isa = PBXBuildFile; fileRef = 2EAB3D65166FEF2400FA8572 /* main.m */; };
		2EAB3D6A166FEF2400FA8572 /* AppDelegate.m in Sources */ = {isa = PBXBuildFile; fileRef = 2EAB3D69166FEF2400FA8572 /* AppDelegate.m */; };
		2EAB3D6C166FEF2400FA8572 /* Default.png in Resources */ = {isa = PBXBuildFile; fileRef = 2EAB3D6B166FEF2400FA8572 /* Default.png */; };
		2EAB3D6E166FEF2400FA8572 /* Default@2x.png in Resources */ = {isa = PBXBuildFile; fileRef = 2EAB3D6D166FEF2400FA8572 /* Default@2x.png */; };
		2EAB3D70166FEF2400FA8572 /* Default-568h@2x.png in Resources */ = {isa = PBXBuildFile; fileRef = 2EAB3D6F166FEF2400FA8572 /* Default-568h@2x.png */; };
		2EAB3D73166FEF2400FA8572 /* SearchRecipeViewController.m in Sources */ = {isa = PBXBuildFile; fileRef = 2EAB3D72166FEF2400FA8572 /* SearchRecipeViewController.m */; };
		2EAB3D76166FEF2400FA8572 /* SearchRecipeViewController.xib in Resources */ = {isa = PBXBuildFile; fileRef = 2EAB3D74166FEF2400FA8572 /* SearchRecipeViewController.xib */; };
		2EAB3D7D166FEF3500FA8572 /* libsqlite3.0.dylib in Frameworks */ = {isa = PBXBuildFile; fileRef = 2EAB3D7C166FEF3500FA8572 /* libsqlite3.0.dylib */; };
		2EAB3D81166FEF6700FA8572 /* SQLiteReader.m in Sources */ = {isa = PBXBuildFile; fileRef = 2EAB3D80166FEF6700FA8572 /* SQLiteReader.m */; };
		2EAB3D87166FF31900FA8572 /* TXTParser.m in Sources */ = {isa = PBXBuildFile; fileRef = 2EAB3D86166FF31900FA8572 /* TXTParser.m */; };
		2EAB3D8B166FF41B00FA8572 /* Recipe.m in Sources */ = {isa = PBXBuildFile; fileRef = 2EAB3D8A166FF41B00FA8572 /* Recipe.m */; };
		2EAB3D8E166FF84600FA8572 /* Ingredient.m in Sources */ = {isa = PBXBuildFile; fileRef = 2EAB3D8D166FF84600FA8572 /* Ingredient.m */; };
		2ECAA0E316B3149200308098 /* ShowRecipesViewController.m in Sources */ = {isa = PBXBuildFile; fileRef = 2ECAA0E116B3149100308098 /* ShowRecipesViewController.m */; };
		2ECAA0E416B3149200308098 /* ShowRecipesViewController.xib in Resources */ = {isa = PBXBuildFile; fileRef = 2ECAA0E216B3149200308098 /* ShowRecipesViewController.xib */; };
		2ECAA0E916B3189700308098 /* RecipeDetailsViewController.m in Sources */ = {isa = PBXBuildFile; fileRef = 2ECAA0E716B3189700308098 /* RecipeDetailsViewController.m */; };
		2ECAA0EA16B3189700308098 /* RecipeDetailsViewController.xib in Resources */ = {isa = PBXBuildFile; fileRef = 2ECAA0E816B3189700308098 /* RecipeDetailsViewController.xib */; };
		2ECAA0F916B332D700308098 /* RecipeDB.sqlite in Resources */ = {isa = PBXBuildFile; fileRef = 2ECAA0F816B332D700308098 /* RecipeDB.sqlite */; };
		2ECAA0FC16B3442B00308098 /* UIView+Additions.m in Sources */ = {isa = PBXBuildFile; fileRef = 2ECAA0FB16B3442B00308098 /* UIView+Additions.m */; };
		2ECAA10216B34B1000308098 /* book.png in Resources */ = {isa = PBXBuildFile; fileRef = 2ECAA0FE16B34B1000308098 /* book.png */; };
		2ECAA10316B34B1000308098 /* book@2x.png in Resources */ = {isa = PBXBuildFile; fileRef = 2ECAA0FF16B34B1000308098 /* book@2x.png */; };
		2ECAA10416B34B1000308098 /* magnifier.png in Resources */ = {isa = PBXBuildFile; fileRef = 2ECAA10016B34B1000308098 /* magnifier.png */; };
		2ECAA10516B34B1000308098 /* magnifier@2x.png in Resources */ = {isa = PBXBuildFile; fileRef = 2ECAA10116B34B1000308098 /* magnifier@2x.png */; };
		2EEF555316A9847B005AB989 /* SuggestFooterView.xib in Resources */ = {isa = PBXBuildFile; fileRef = 2EEF555216A9847B005AB989 /* SuggestFooterView.xib */; };
		2EEF555E16A98673005AB989 /* SuggestFooterView.m in Sources */ = {isa = PBXBuildFile; fileRef = 2EEF555D16A98673005AB989 /* SuggestFooterView.m */; };
		2EEF556016A98907005AB989 /* IngredientCell.xib in Resources */ = {isa = PBXBuildFile; fileRef = 2EEF555F16A98907005AB989 /* IngredientCell.xib */; };
		2EEF556316A98D3A005AB989 /* IngredientCell.m in Sources */ = {isa = PBXBuildFile; fileRef = 2EEF556216A98D3A005AB989 /* IngredientCell.m */; };
		2EEF556516A9979C005AB989 /* AddIngredientCell.xib in Resources */ = {isa = PBXBuildFile; fileRef = 2EEF556416A9979B005AB989 /* AddIngredientCell.xib */; };
		2EEF556D16A9B448005AB989 /* AddIngredientCell.m in Sources */ = {isa = PBXBuildFile; fileRef = 2EEF556C16A9B448005AB989 /* AddIngredientCell.m */; };
		2EEF557116A9C170005AB989 /* AddIngredientViewController.m in Sources */ = {isa = PBXBuildFile; fileRef = 2EEF556F16A9C170005AB989 /* AddIngredientViewController.m */; };
		2EEF557216A9C170005AB989 /* AddIngredientViewController.xib in Resources */ = {isa = PBXBuildFile; fileRef = 2EEF557016A9C170005AB989 /* AddIngredientViewController.xib */; };
/* End PBXBuildFile section */

/* Begin PBXFileReference section */
		2E1279CB16B271AB00DD4619 /* JCPriorityQueue.h */ = {isa = PBXFileReference; fileEncoding = 4; lastKnownFileType = sourcecode.c.h; path = JCPriorityQueue.h; sourceTree = "<group>"; };
		2E1279CC16B271AB00DD4619 /* JCPriorityQueue.m */ = {isa = PBXFileReference; fileEncoding = 4; lastKnownFileType = sourcecode.c.objc; path = JCPriorityQueue.m; sourceTree = "<group>"; };
		2E1279CD16B271AB00DD4619 /* JCSuperPriorityQueue.h */ = {isa = PBXFileReference; fileEncoding = 4; lastKnownFileType = sourcecode.c.h; path = JCSuperPriorityQueue.h; sourceTree = "<group>"; };
		2E1279CE16B271AB00DD4619 /* JCSuperPriorityQueue.mm */ = {isa = PBXFileReference; fileEncoding = 4; lastKnownFileType = sourcecode.cpp.objcpp; path = JCSuperPriorityQueue.mm; sourceTree = "<group>"; };
		2E2CE72316AAD33400E1534D /* BlankRecipeDB.sqlite */ = {isa = PBXFileReference; lastKnownFileType = file; path = BlankRecipeDB.sqlite; sourceTree = "<group>"; };
		2E30873116ADF11E0071EB5A /* BrowseViewController.h */ = {isa = PBXFileReference; fileEncoding = 4; lastKnownFileType = sourcecode.c.h; path = BrowseViewController.h; sourceTree = "<group>"; };
		2E30873216ADF11E0071EB5A /* BrowseViewController.m */ = {isa = PBXFileReference; fileEncoding = 4; lastKnownFileType = sourcecode.c.objc; path = BrowseViewController.m; sourceTree = "<group>"; };
		2E30873316ADF11E0071EB5A /* BrowseViewController.xib */ = {isa = PBXFileReference; fileEncoding = 4; lastKnownFileType = file.xib; path = BrowseViewController.xib; sourceTree = "<group>"; };
		2E50940F16AC464500EABF2D /* MainStoryboard.storyboard */ = {isa = PBXFileReference; fileEncoding = 4; lastKnownFileType = file.storyboard; path = MainStoryboard.storyboard; sourceTree = "<group>"; };
		2E6A737116B188D40040FE7D /* Node.h */ = {isa = PBXFileReference; fileEncoding = 4; lastKnownFileType = sourcecode.c.h; path = Node.h; sourceTree = "<group>"; };
		2E6A737216B188D40040FE7D /* Node.m */ = {isa = PBXFileReference; fileEncoding = 4; lastKnownFileType = sourcecode.c.objc; path = Node.m; sourceTree = "<group>"; };
		2E6A737416B18D860040FE7D /* KDTree.h */ = {isa = PBXFileReference; fileEncoding = 4; lastKnownFileType = sourcecode.c.h; path = KDTree.h; sourceTree = "<group>"; };
		2E6A737516B18D860040FE7D /* KDTree.m */ = {isa = PBXFileReference; fileEncoding = 4; lastKnownFileType = sourcecode.c.objc; path = KDTree.m; sourceTree = "<group>"; };
		2E8C9B0416B1D4D600E08D7A /* AddAmountViewController.h */ = {isa = PBXFileReference; fileEncoding = 4; lastKnownFileType = sourcecode.c.h; path = AddAmountViewController.h; sourceTree = "<group>"; };
		2E8C9B0516B1D4D600E08D7A /* AddAmountViewController.m */ = {isa = PBXFileReference; fileEncoding = 4; lastKnownFileType = sourcecode.c.objc; path = AddAmountViewController.m; sourceTree = "<group>"; };
		2E8C9B0616B1D4D600E08D7A /* AddAmountViewController.xib */ = {isa = PBXFileReference; fileEncoding = 4; lastKnownFileType = file.xib; path = AddAmountViewController.xib; sourceTree = "<group>"; };
		2EAAADD816A85D9800D076E3 /* recipes */ = {isa = PBXFileReference; lastKnownFileType = folder; path = recipes; sourceTree = "<group>"; };
		2EAB3D55166FEF2400FA8572 /* iRecipe.app */ = {isa = PBXFileReference; explicitFileType = wrapper.application; includeInIndex = 0; path = iRecipe.app; sourceTree = BUILT_PRODUCTS_DIR; };
		2EAB3D59166FEF2400FA8572 /* UIKit.framework */ = {isa = PBXFileReference; lastKnownFileType = wrapper.framework; name = UIKit.framework; path = System/Library/Frameworks/UIKit.framework; sourceTree = SDKROOT; };
		2EAB3D5B166FEF2400FA8572 /* Foundation.framework */ = {isa = PBXFileReference; lastKnownFileType = wrapper.framework; name = Foundation.framework; path = System/Library/Frameworks/Foundation.framework; sourceTree = SDKROOT; };
		2EAB3D5D166FEF2400FA8572 /* CoreGraphics.framework */ = {isa = PBXFileReference; lastKnownFileType = wrapper.framework; name = CoreGraphics.framework; path = System/Library/Frameworks/CoreGraphics.framework; sourceTree = SDKROOT; };
		2EAB3D61166FEF2400FA8572 /* iRecipe-Info.plist */ = {isa = PBXFileReference; lastKnownFileType = text.plist.xml; path = "iRecipe-Info.plist"; sourceTree = "<group>"; };
		2EAB3D63166FEF2400FA8572 /* en */ = {isa = PBXFileReference; lastKnownFileType = text.plist.strings; name = en; path = en.lproj/InfoPlist.strings; sourceTree = "<group>"; };
		2EAB3D65166FEF2400FA8572 /* main.m */ = {isa = PBXFileReference; lastKnownFileType = sourcecode.c.objc; path = main.m; sourceTree = "<group>"; };
		2EAB3D67166FEF2400FA8572 /* iRecipe-Prefix.pch */ = {isa = PBXFileReference; lastKnownFileType = sourcecode.c.h; path = "iRecipe-Prefix.pch"; sourceTree = "<group>"; };
		2EAB3D68166FEF2400FA8572 /* AppDelegate.h */ = {isa = PBXFileReference; lastKnownFileType = sourcecode.c.h; path = AppDelegate.h; sourceTree = "<group>"; };
		2EAB3D69166FEF2400FA8572 /* AppDelegate.m */ = {isa = PBXFileReference; lastKnownFileType = sourcecode.c.objc; path = AppDelegate.m; sourceTree = "<group>"; };
		2EAB3D6B166FEF2400FA8572 /* Default.png */ = {isa = PBXFileReference; lastKnownFileType = image.png; path = Default.png; sourceTree = "<group>"; };
		2EAB3D6D166FEF2400FA8572 /* Default@2x.png */ = {isa = PBXFileReference; lastKnownFileType = image.png; path = "Default@2x.png"; sourceTree = "<group>"; };
		2EAB3D6F166FEF2400FA8572 /* Default-568h@2x.png */ = {isa = PBXFileReference; lastKnownFileType = image.png; path = "Default-568h@2x.png"; sourceTree = "<group>"; };
		2EAB3D71166FEF2400FA8572 /* SearchRecipeViewController.h */ = {isa = PBXFileReference; lastKnownFileType = sourcecode.c.h; path = SearchRecipeViewController.h; sourceTree = "<group>"; };
		2EAB3D72166FEF2400FA8572 /* SearchRecipeViewController.m */ = {isa = PBXFileReference; lastKnownFileType = sourcecode.c.objc; path = SearchRecipeViewController.m; sourceTree = "<group>"; };
		2EAB3D75166FEF2400FA8572 /* en */ = {isa = PBXFileReference; lastKnownFileType = file.xib; name = en; path = en.lproj/SearchRecipeViewController.xib; sourceTree = "<group>"; };
		2EAB3D7C166FEF3500FA8572 /* libsqlite3.0.dylib */ = {isa = PBXFileReference; lastKnownFileType = "compiled.mach-o.dylib"; name = libsqlite3.0.dylib; path = usr/lib/libsqlite3.0.dylib; sourceTree = SDKROOT; };
		2EAB3D7F166FEF6700FA8572 /* SQLiteReader.h */ = {isa = PBXFileReference; fileEncoding = 4; lastKnownFileType = sourcecode.c.h; path = SQLiteReader.h; sourceTree = "<group>"; };
		2EAB3D80166FEF6700FA8572 /* SQLiteReader.m */ = {isa = PBXFileReference; fileEncoding = 4; lastKnownFileType = sourcecode.c.objc; path = SQLiteReader.m; sourceTree = "<group>"; };
		2EAB3D85166FF31900FA8572 /* TXTParser.h */ = {isa = PBXFileReference; fileEncoding = 4; lastKnownFileType = sourcecode.c.h; path = TXTParser.h; sourceTree = "<group>"; };
		2EAB3D86166FF31900FA8572 /* TXTParser.m */ = {isa = PBXFileReference; fileEncoding = 4; lastKnownFileType = sourcecode.c.objc; path = TXTParser.m; sourceTree = "<group>"; };
		2EAB3D89166FF41B00FA8572 /* Recipe.h */ = {isa = PBXFileReference; fileEncoding = 4; lastKnownFileType = sourcecode.c.h; path = Recipe.h; sourceTree = "<group>"; };
		2EAB3D8A166FF41B00FA8572 /* Recipe.m */ = {isa = PBXFileReference; fileEncoding = 4; lastKnownFileType = sourcecode.c.objc; path = Recipe.m; sourceTree = "<group>"; };
		2EAB3D8C166FF84600FA8572 /* Ingredient.h */ = {isa = PBXFileReference; fileEncoding = 4; lastKnownFileType = sourcecode.c.h; path = Ingredient.h; sourceTree = "<group>"; };
		2EAB3D8D166FF84600FA8572 /* Ingredient.m */ = {isa = PBXFileReference; fileEncoding = 4; lastKnownFileType = sourcecode.c.objc; path = Ingredient.m; sourceTree = "<group>"; };
		2ECAA0E016B3149100308098 /* ShowRecipesViewController.h */ = {isa = PBXFileReference; fileEncoding = 4; lastKnownFileType = sourcecode.c.h; path = ShowRecipesViewController.h; sourceTree = "<group>"; };
		2ECAA0E116B3149100308098 /* ShowRecipesViewController.m */ = {isa = PBXFileReference; fileEncoding = 4; lastKnownFileType = sourcecode.c.objc; path = ShowRecipesViewController.m; sourceTree = "<group>"; };
		2ECAA0E216B3149200308098 /* ShowRecipesViewController.xib */ = {isa = PBXFileReference; fileEncoding = 4; lastKnownFileType = file.xib; path = ShowRecipesViewController.xib; sourceTree = "<group>"; };
		2ECAA0E616B3189700308098 /* RecipeDetailsViewController.h */ = {isa = PBXFileReference; fileEncoding = 4; lastKnownFileType = sourcecode.c.h; path = RecipeDetailsViewController.h; sourceTree = "<group>"; };
		2ECAA0E716B3189700308098 /* RecipeDetailsViewController.m */ = {isa = PBXFileReference; fileEncoding = 4; lastKnownFileType = sourcecode.c.objc; path = RecipeDetailsViewController.m; sourceTree = "<group>"; };
		2ECAA0E816B3189700308098 /* RecipeDetailsViewController.xib */ = {isa = PBXFileReference; fileEncoding = 4; lastKnownFileType = file.xib; path = RecipeDetailsViewController.xib; sourceTree = "<group>"; };
		2ECAA0F816B332D700308098 /* RecipeDB.sqlite */ = {isa = PBXFileReference; lastKnownFileType = file; path = RecipeDB.sqlite; sourceTree = "<group>"; };
		2ECAA0FA16B3442B00308098 /* UIView+Additions.h */ = {isa = PBXFileReference; fileEncoding = 4; lastKnownFileType = sourcecode.c.h; path = "UIView+Additions.h"; sourceTree = "<group>"; };
		2ECAA0FB16B3442B00308098 /* UIView+Additions.m */ = {isa = PBXFileReference; fileEncoding = 4; lastKnownFileType = sourcecode.c.objc; path = "UIView+Additions.m"; sourceTree = "<group>"; };
		2ECAA0FE16B34B1000308098 /* book.png */ = {isa = PBXFileReference; lastKnownFileType = image.png; path = book.png; sourceTree = "<group>"; };
		2ECAA0FF16B34B1000308098 /* book@2x.png */ = {isa = PBXFileReference; lastKnownFileType = image.png; path = "book@2x.png"; sourceTree = "<group>"; };
		2ECAA10016B34B1000308098 /* magnifier.png */ = {isa = PBXFileReference; lastKnownFileType = image.png; path = magnifier.png; sourceTree = "<group>"; };
		2ECAA10116B34B1000308098 /* magnifier@2x.png */ = {isa = PBXFileReference; lastKnownFileType = image.png; path = "magnifier@2x.png"; sourceTree = "<group>"; };
		2EEF555216A9847B005AB989 /* SuggestFooterView.xib */ = {isa = PBXFileReference; fileEncoding = 4; lastKnownFileType = file.xib; path = SuggestFooterView.xib; sourceTree = "<group>"; };
		2EEF555C16A98673005AB989 /* SuggestFooterView.h */ = {isa = PBXFileReference; fileEncoding = 4; lastKnownFileType = sourcecode.c.h; path = SuggestFooterView.h; sourceTree = "<group>"; };
		2EEF555D16A98673005AB989 /* SuggestFooterView.m */ = {isa = PBXFileReference; fileEncoding = 4; lastKnownFileType = sourcecode.c.objc; path = SuggestFooterView.m; sourceTree = "<group>"; };
		2EEF555F16A98907005AB989 /* IngredientCell.xib */ = {isa = PBXFileReference; fileEncoding = 4; lastKnownFileType = file.xib; path = IngredientCell.xib; sourceTree = "<group>"; };
		2EEF556116A98D3A005AB989 /* IngredientCell.h */ = {isa = PBXFileReference; fileEncoding = 4; lastKnownFileType = sourcecode.c.h; path = IngredientCell.h; sourceTree = "<group>"; };
		2EEF556216A98D3A005AB989 /* IngredientCell.m */ = {isa = PBXFileReference; fileEncoding = 4; lastKnownFileType = sourcecode.c.objc; path = IngredientCell.m; sourceTree = "<group>"; };
		2EEF556416A9979B005AB989 /* AddIngredientCell.xib */ = {isa = PBXFileReference; fileEncoding = 4; lastKnownFileType = file.xib; path = AddIngredientCell.xib; sourceTree = "<group>"; };
		2EEF556B16A9B447005AB989 /* AddIngredientCell.h */ = {isa = PBXFileReference; fileEncoding = 4; lastKnownFileType = sourcecode.c.h; path = AddIngredientCell.h; sourceTree = "<group>"; };
		2EEF556C16A9B448005AB989 /* AddIngredientCell.m */ = {isa = PBXFileReference; fileEncoding = 4; lastKnownFileType = sourcecode.c.objc; path = AddIngredientCell.m; sourceTree = "<group>"; };
		2EEF556E16A9C170005AB989 /* AddIngredientViewController.h */ = {isa = PBXFileReference; fileEncoding = 4; lastKnownFileType = sourcecode.c.h; path = AddIngredientViewController.h; sourceTree = "<group>"; };
		2EEF556F16A9C170005AB989 /* AddIngredientViewController.m */ = {isa = PBXFileReference; fileEncoding = 4; lastKnownFileType = sourcecode.c.objc; path = AddIngredientViewController.m; sourceTree = "<group>"; };
		2EEF557016A9C170005AB989 /* AddIngredientViewController.xib */ = {isa = PBXFileReference; fileEncoding = 4; lastKnownFileType = file.xib; path = AddIngredientViewController.xib; sourceTree = "<group>"; };
/* End PBXFileReference section */

/* Begin PBXFrameworksBuildPhase section */
		2EAB3D52166FEF2400FA8572 /* Frameworks */ = {
			isa = PBXFrameworksBuildPhase;
			buildActionMask = 2147483647;
			files = (
				2EAB3D7D166FEF3500FA8572 /* libsqlite3.0.dylib in Frameworks */,
				2EAB3D5A166FEF2400FA8572 /* UIKit.framework in Frameworks */,
				2EAB3D5C166FEF2400FA8572 /* Foundation.framework in Frameworks */,
				2EAB3D5E166FEF2400FA8572 /* CoreGraphics.framework in Frameworks */,
			);
			runOnlyForDeploymentPostprocessing = 0;
		};
/* End PBXFrameworksBuildPhase section */

/* Begin PBXGroup section */
		2E1279CA16B2716900DD4619 /* Priority Queue */ = {
			isa = PBXGroup;
			children = (
				2E1279CB16B271AB00DD4619 /* JCPriorityQueue.h */,
				2E1279CC16B271AB00DD4619 /* JCPriorityQueue.m */,
				2E1279CD16B271AB00DD4619 /* JCSuperPriorityQueue.h */,
				2E1279CE16B271AB00DD4619 /* JCSuperPriorityQueue.mm */,
			);
			name = "Priority Queue";
			sourceTree = "<group>";
		};
		2E30872E16ADF0F10071EB5A /* Sugest Tab */ = {
			isa = PBXGroup;
			children = (
				2EAB3D71166FEF2400FA8572 /* SearchRecipeViewController.h */,
				2EAB3D72166FEF2400FA8572 /* SearchRecipeViewController.m */,
				2EAB3D74166FEF2400FA8572 /* SearchRecipeViewController.xib */,
				2EEF556E16A9C170005AB989 /* AddIngredientViewController.h */,
				2EEF556F16A9C170005AB989 /* AddIngredientViewController.m */,
				2EEF557016A9C170005AB989 /* AddIngredientViewController.xib */,
				2E8C9B0416B1D4D600E08D7A /* AddAmountViewController.h */,
				2E8C9B0516B1D4D600E08D7A /* AddAmountViewController.m */,
				2E8C9B0616B1D4D600E08D7A /* AddAmountViewController.xib */,
				2ECAA0E016B3149100308098 /* ShowRecipesViewController.h */,
				2ECAA0E116B3149100308098 /* ShowRecipesViewController.m */,
				2ECAA0E216B3149200308098 /* ShowRecipesViewController.xib */,
				2ECAA0E616B3189700308098 /* RecipeDetailsViewController.h */,
				2ECAA0E716B3189700308098 /* RecipeDetailsViewController.m */,
				2ECAA0E816B3189700308098 /* RecipeDetailsViewController.xib */,
			);
			name = "Sugest Tab";
			sourceTree = "<group>";
		};
		2E30873016ADF0FE0071EB5A /* Browse Tab */ = {
			isa = PBXGroup;
			children = (
				2E30873116ADF11E0071EB5A /* BrowseViewController.h */,
				2E30873216ADF11E0071EB5A /* BrowseViewController.m */,
				2E30873316ADF11E0071EB5A /* BrowseViewController.xib */,
			);
			name = "Browse Tab";
			sourceTree = "<group>";
		};
		2E54279116A8BBBC00085B3C /* Controller Layer */ = {
			isa = PBXGroup;
			children = (
				2E30872E16ADF0F10071EB5A /* Sugest Tab */,
				2E30873016ADF0FE0071EB5A /* Browse Tab */,
			);
			name = "Controller Layer";
			sourceTree = "<group>";
		};
		2E6A736F16B1887E0040FE7D /* k-d Tree */ = {
			isa = PBXGroup;
			children = (
				2E6A737116B188D40040FE7D /* Node.h */,
				2E6A737216B188D40040FE7D /* Node.m */,
				2E6A737416B18D860040FE7D /* KDTree.h */,
				2E6A737516B18D860040FE7D /* KDTree.m */,
			);
			name = "k-d Tree";
			sourceTree = "<group>";
		};
		2EAB3D4A166FEF2400FA8572 = {
			isa = PBXGroup;
			children = (
				2EAB3D5F166FEF2400FA8572 /* iRecipe */,
				2EAB3D58166FEF2400FA8572 /* Frameworks */,
				2EAB3D56166FEF2400FA8572 /* Products */,
			);
			sourceTree = "<group>";
		};
		2EAB3D56166FEF2400FA8572 /* Products */ = {
			isa = PBXGroup;
			children = (
				2EAB3D55166FEF2400FA8572 /* iRecipe.app */,
			);
			name = Products;
			sourceTree = "<group>";
		};
		2EAB3D58166FEF2400FA8572 /* Frameworks */ = {
			isa = PBXGroup;
			children = (
				2EAB3D7C166FEF3500FA8572 /* libsqlite3.0.dylib */,
				2EAB3D59166FEF2400FA8572 /* UIKit.framework */,
				2EAB3D5B166FEF2400FA8572 /* Foundation.framework */,
				2EAB3D5D166FEF2400FA8572 /* CoreGraphics.framework */,
			);
			name = Frameworks;
			sourceTree = "<group>";
		};
		2EAB3D5F166FEF2400FA8572 /* iRecipe */ = {
			isa = PBXGroup;
			children = (
				2EAB3D68166FEF2400FA8572 /* AppDelegate.h */,
				2EAB3D69166FEF2400FA8572 /* AppDelegate.m */,
				2E50940F16AC464500EABF2D /* MainStoryboard.storyboard */,
				2EAB3D7E166FEF4F00FA8572 /* Data Layer */,
				2E54279116A8BBBC00085B3C /* Controller Layer */,
				2EEF555016A98420005AB989 /* View Layer */,
				2EAB3D60166FEF2400FA8572 /* Supporting Files */,
			);
			path = iRecipe;
			sourceTree = "<group>";
		};
		2EAB3D60166FEF2400FA8572 /* Supporting Files */ = {
			isa = PBXGroup;
			children = (
				2ECAA0FD16B34A8F00308098 /* Tabbar Icons */,
				2ECAA0F816B332D700308098 /* RecipeDB.sqlite */,
				2E2CE72316AAD33400E1534D /* BlankRecipeDB.sqlite */,
				2EAAADD816A85D9800D076E3 /* recipes */,
				2EAB3D61166FEF2400FA8572 /* iRecipe-Info.plist */,
				2EAB3D62166FEF2400FA8572 /* InfoPlist.strings */,
				2EAB3D65166FEF2400FA8572 /* main.m */,
				2EAB3D67166FEF2400FA8572 /* iRecipe-Prefix.pch */,
				2EAB3D6B166FEF2400FA8572 /* Default.png */,
				2EAB3D6D166FEF2400FA8572 /* Default@2x.png */,
				2EAB3D6F166FEF2400FA8572 /* Default-568h@2x.png */,
			);
			name = "Supporting Files";
			sourceTree = "<group>";
		};
		2EAB3D7E166FEF4F00FA8572 /* Data Layer */ = {
			isa = PBXGroup;
			children = (
				2E1279CA16B2716900DD4619 /* Priority Queue */,
				2E6A736F16B1887E0040FE7D /* k-d Tree */,
				2EAB3D88166FF3C400FA8572 /* Data Objects */,
				2EAB3D7F166FEF6700FA8572 /* SQLiteReader.h */,
				2EAB3D80166FEF6700FA8572 /* SQLiteReader.m */,
				2EAB3D85166FF31900FA8572 /* TXTParser.h */,
				2EAB3D86166FF31900FA8572 /* TXTParser.m */,
			);
			name = "Data Layer";
			sourceTree = "<group>";
		};
		2EAB3D88166FF3C400FA8572 /* Data Objects */ = {
			isa = PBXGroup;
			children = (
				2EAB3D89166FF41B00FA8572 /* Recipe.h */,
				2EAB3D8A166FF41B00FA8572 /* Recipe.m */,
				2EAB3D8C166FF84600FA8572 /* Ingredient.h */,
				2EAB3D8D166FF84600FA8572 /* Ingredient.m */,
			);
			name = "Data Objects";
			sourceTree = "<group>";
		};
		2ECAA0FD16B34A8F00308098 /* Tabbar Icons */ = {
			isa = PBXGroup;
			children = (
				2ECAA0FE16B34B1000308098 /* book.png */,
				2ECAA0FF16B34B1000308098 /* book@2x.png */,
				2ECAA10016B34B1000308098 /* magnifier.png */,
				2ECAA10116B34B1000308098 /* magnifier@2x.png */,
			);
			name = "Tabbar Icons";
			sourceTree = "<group>";
		};
		2EEF555016A98420005AB989 /* View Layer */ = {
			isa = PBXGroup;
			children = (
				2ECAA0FA16B3442B00308098 /* UIView+Additions.h */,
				2ECAA0FB16B3442B00308098 /* UIView+Additions.m */,
				2EEF555C16A98673005AB989 /* SuggestFooterView.h */,
				2EEF555D16A98673005AB989 /* SuggestFooterView.m */,
				2EEF555216A9847B005AB989 /* SuggestFooterView.xib */,
				2EEF556616A9A0DC005AB989 /* Cells */,
			);
			name = "View Layer";
			sourceTree = "<group>";
		};
		2EEF556616A9A0DC005AB989 /* Cells */ = {
			isa = PBXGroup;
			children = (
				2EEF556116A98D3A005AB989 /* IngredientCell.h */,
				2EEF556216A98D3A005AB989 /* IngredientCell.m */,
				2EEF555F16A98907005AB989 /* IngredientCell.xib */,
				2EEF556B16A9B447005AB989 /* AddIngredientCell.h */,
				2EEF556C16A9B448005AB989 /* AddIngredientCell.m */,
				2EEF556416A9979B005AB989 /* AddIngredientCell.xib */,
			);
			name = Cells;
			sourceTree = "<group>";
		};
/* End PBXGroup section */

/* Begin PBXNativeTarget section */
		2EAB3D54166FEF2400FA8572 /* iRecipe */ = {
			isa = PBXNativeTarget;
			buildConfigurationList = 2EAB3D79166FEF2400FA8572 /* Build configuration list for PBXNativeTarget "iRecipe" */;
			buildPhases = (
				2EAB3D51166FEF2400FA8572 /* Sources */,
				2EAB3D52166FEF2400FA8572 /* Frameworks */,
				2EAB3D53166FEF2400FA8572 /* Resources */,
			);
			buildRules = (
			);
			dependencies = (
			);
			name = iRecipe;
			productName = iRecipe;
			productReference = 2EAB3D55166FEF2400FA8572 /* iRecipe.app */;
			productType = "com.apple.product-type.application";
		};
/* End PBXNativeTarget section */

/* Begin PBXProject section */
		2EAB3D4C166FEF2400FA8572 /* Project object */ = {
			isa = PBXProject;
			attributes = {
				LastUpgradeCheck = 0450;
				ORGANIZATIONNAME = "Stanimir Nikolov";
			};
			buildConfigurationList = 2EAB3D4F166FEF2400FA8572 /* Build configuration list for PBXProject "iRecipe" */;
			compatibilityVersion = "Xcode 3.2";
			developmentRegion = English;
			hasScannedForEncodings = 0;
			knownRegions = (
				en,
			);
			mainGroup = 2EAB3D4A166FEF2400FA8572;
			productRefGroup = 2EAB3D56166FEF2400FA8572 /* Products */;
			projectDirPath = "";
			projectRoot = "";
			targets = (
				2EAB3D54166FEF2400FA8572 /* iRecipe */,
			);
		};
/* End PBXProject section */

/* Begin PBXResourcesBuildPhase section */
		2EAB3D53166FEF2400FA8572 /* Resources */ = {
			isa = PBXResourcesBuildPhase;
			buildActionMask = 2147483647;
			files = (
				2EAB3D64166FEF2400FA8572 /* InfoPlist.strings in Resources */,
				2EAB3D6C166FEF2400FA8572 /* Default.png in Resources */,
				2EAB3D6E166FEF2400FA8572 /* Default@2x.png in Resources */,
				2EAB3D70166FEF2400FA8572 /* Default-568h@2x.png in Resources */,
				2EAB3D76166FEF2400FA8572 /* SearchRecipeViewController.xib in Resources */,
				2EAAADD916A85D9800D076E3 /* recipes in Resources */,
				2EEF555316A9847B005AB989 /* SuggestFooterView.xib in Resources */,
				2EEF556016A98907005AB989 /* IngredientCell.xib in Resources */,
				2EEF556516A9979C005AB989 /* AddIngredientCell.xib in Resources */,
				2EEF557216A9C170005AB989 /* AddIngredientViewController.xib in Resources */,
				2E2CE72416AAD33400E1534D /* BlankRecipeDB.sqlite in Resources */,
				2E50941016AC464500EABF2D /* MainStoryboard.storyboard in Resources */,
				2E30873516ADF11E0071EB5A /* BrowseViewController.xib in Resources */,
				2E8C9B0816B1D4D600E08D7A /* AddAmountViewController.xib in Resources */,
				2ECAA0E416B3149200308098 /* ShowRecipesViewController.xib in Resources */,
				2ECAA0EA16B3189700308098 /* RecipeDetailsViewController.xib in Resources */,
				2ECAA0F916B332D700308098 /* RecipeDB.sqlite in Resources */,
				2ECAA10216B34B1000308098 /* book.png in Resources */,
				2ECAA10316B34B1000308098 /* book@2x.png in Resources */,
				2ECAA10416B34B1000308098 /* magnifier.png in Resources */,
				2ECAA10516B34B1000308098 /* magnifier@2x.png in Resources */,
			);
			runOnlyForDeploymentPostprocessing = 0;
		};
/* End PBXResourcesBuildPhase section */

/* Begin PBXSourcesBuildPhase section */
		2EAB3D51166FEF2400FA8572 /* Sources */ = {
			isa = PBXSourcesBuildPhase;
			buildActionMask = 2147483647;
			files = (
				2EAB3D66166FEF2400FA8572 /* main.m in Sources */,
				2EAB3D6A166FEF2400FA8572 /* AppDelegate.m in Sources */,
				2EAB3D73166FEF2400FA8572 /* SearchRecipeViewController.m in Sources */,
				2EAB3D81166FEF6700FA8572 /* SQLiteReader.m in Sources */,
				2EAB3D87166FF31900FA8572 /* TXTParser.m in Sources */,
				2EAB3D8B166FF41B00FA8572 /* Recipe.m in Sources */,
				2EAB3D8E166FF84600FA8572 /* Ingredient.m in Sources */,
				2EEF555E16A98673005AB989 /* SuggestFooterView.m in Sources */,
				2EEF556316A98D3A005AB989 /* IngredientCell.m in Sources */,
				2EEF556D16A9B448005AB989 /* AddIngredientCell.m in Sources */,
				2EEF557116A9C170005AB989 /* AddIngredientViewController.m in Sources */,
				2E30873416ADF11E0071EB5A /* BrowseViewController.m in Sources */,
				2E6A737316B188D40040FE7D /* Node.m in Sources */,
				2E6A737616B18D860040FE7D /* KDTree.m in Sources */,
				2E8C9B0716B1D4D600E08D7A /* AddAmountViewController.m in Sources */,
				2E1279CF16B271AB00DD4619 /* JCPriorityQueue.m in Sources */,
				2E1279D016B271AB00DD4619 /* JCSuperPriorityQueue.mm in Sources */,
				2ECAA0E316B3149200308098 /* ShowRecipesViewController.m in Sources */,
				2ECAA0E916B3189700308098 /* RecipeDetailsViewController.m in Sources */,
				2ECAA0FC16B3442B00308098 /* UIView+Additions.m in Sources */,
			);
			runOnlyForDeploymentPostprocessing = 0;
		};
/* End PBXSourcesBuildPhase section */

/* Begin PBXVariantGroup section */
		2EAB3D62166FEF2400FA8572 /* InfoPlist.strings */ = {
			isa = PBXVariantGroup;
			children = (
				2EAB3D63166FEF2400FA8572 /* en */,
			);
			name = InfoPlist.strings;
			sourceTree = "<group>";
		};
		2EAB3D74166FEF2400FA8572 /* SearchRecipeViewController.xib */ = {
			isa = PBXVariantGroup;
			children = (
				2EAB3D75166FEF2400FA8572 /* en */,
			);
			name = SearchRecipeViewController.xib;
			sourceTree = "<group>";
		};
/* End PBXVariantGroup section */

/* Begin XCBuildConfiguration section */
		2EAB3D77166FEF2400FA8572 /* Debug */ = {
			isa = XCBuildConfiguration;
			buildSettings = {
				ALWAYS_SEARCH_USER_PATHS = NO;
				CLANG_CXX_LANGUAGE_STANDARD = "gnu++0x";
				CLANG_CXX_LIBRARY = "libc++";
				CLANG_ENABLE_OBJC_ARC = YES;
				CLANG_WARN_EMPTY_BODY = YES;
				CLANG_WARN__DUPLICATE_METHOD_MATCH = YES;
				"CODE_SIGN_IDENTITY[sdk=iphoneos*]" = "iPhone Developer";
				COPY_PHASE_STRIP = NO;
				GCC_C_LANGUAGE_STANDARD = gnu99;
				GCC_DYNAMIC_NO_PIC = NO;
				GCC_OPTIMIZATION_LEVEL = 0;
				GCC_PREPROCESSOR_DEFINITIONS = (
					"DEBUG=1",
					"$(inherited)",
				);
				GCC_SYMBOLS_PRIVATE_EXTERN = NO;
				GCC_WARN_ABOUT_RETURN_TYPE = YES;
				GCC_WARN_UNINITIALIZED_AUTOS = YES;
				GCC_WARN_UNUSED_VARIABLE = YES;
				IPHONEOS_DEPLOYMENT_TARGET = 6.0;
				ONLY_ACTIVE_ARCH = YES;
				SDKROOT = iphoneos;
			};
			name = Debug;
		};
		2EAB3D78166FEF2400FA8572 /* Release */ = {
			isa = XCBuildConfiguration;
			buildSettings = {
				ALWAYS_SEARCH_USER_PATHS = NO;
				CLANG_CXX_LANGUAGE_STANDARD = "gnu++0x";
				CLANG_CXX_LIBRARY = "libc++";
				CLANG_ENABLE_OBJC_ARC = YES;
				CLANG_WARN_EMPTY_BODY = YES;
				CLANG_WARN__DUPLICATE_METHOD_MATCH = YES;
				"CODE_SIGN_IDENTITY[sdk=iphoneos*]" = "iPhone Developer";
				COPY_PHASE_STRIP = YES;
				GCC_C_LANGUAGE_STANDARD = gnu99;
				GCC_WARN_ABOUT_RETURN_TYPE = YES;
				GCC_WARN_UNINITIALIZED_AUTOS = YES;
				GCC_WARN_UNUSED_VARIABLE = YES;
				IPHONEOS_DEPLOYMENT_TARGET = 6.0;
				OTHER_CFLAGS = "-DNS_BLOCK_ASSERTIONS=1";
				SDKROOT = iphoneos;
				VALIDATE_PRODUCT = YES;
			};
			name = Release;
		};
		2EAB3D7A166FEF2400FA8572 /* Debug */ = {
			isa = XCBuildConfiguration;
			buildSettings = {
				CODE_SIGN_IDENTITY = "iPhone Developer: Dimitar Dobrev (PMBE6NFJV7)";
				"CODE_SIGN_IDENTITY[sdk=iphoneos*]" = "iPhone Developer: Dimitar Dobrev (PMBE6NFJV7)";
				GCC_PRECOMPILE_PREFIX_HEADER = YES;
				GCC_PREFIX_HEADER = "iRecipe/iRecipe-Prefix.pch";
				INFOPLIST_FILE = "iRecipe/iRecipe-Info.plist";
				IPHONEOS_DEPLOYMENT_TARGET = 5.1;
				PRODUCT_NAME = "$(TARGET_NAME)";
				PROVISIONING_PROFILE = "3E96E48E-2A3A-42FC-BD17-CC927B5397EE";
				"PROVISIONING_PROFILE[sdk=iphoneos*]" = "3E96E48E-2A3A-42FC-BD17-CC927B5397EE";
				TARGETED_DEVICE_FAMILY = 1;
				WRAPPER_EXTENSION = app;
			};
			name = Debug;
		};
		2EAB3D7B166FEF2400FA8572 /* Release */ = {
			isa = XCBuildConfiguration;
			buildSettings = {
				CODE_SIGN_IDENTITY = "iPhone Distribution";
				"CODE_SIGN_IDENTITY[sdk=iphoneos*]" = "iPhone Distribution";
				GCC_PRECOMPILE_PREFIX_HEADER = YES;
				GCC_PREFIX_HEADER = "iRecipe/iRecipe-Prefix.pch";
				INFOPLIST_FILE = "iRecipe/iRecipe-Info.plist";
				IPHONEOS_DEPLOYMENT_TARGET = 5.1;
				PRODUCT_NAME = "$(TARGET_NAME)";
				PROVISIONING_PROFILE = "";
				"PROVISIONING_PROFILE[sdk=iphoneos*]" = "";
				TARGETED_DEVICE_FAMILY = 1;
				WRAPPER_EXTENSION = app;
			};
			name = Release;
		};
/* End XCBuildConfiguration section */

/* Begin XCConfigurationList section */
		2EAB3D4F166FEF2400FA8572 /* Build configuration list for PBXProject "iRecipe" */ = {
			isa = XCConfigurationList;
			buildConfigurations = (
				2EAB3D77166FEF2400FA8572 /* Debug */,
				2EAB3D78166FEF2400FA8572 /* Release */,
			);
			defaultConfigurationIsVisible = 0;
			defaultConfigurationName = Release;
		};
		2EAB3D79166FEF2400FA8572 /* Build configuration list for PBXNativeTarget "iRecipe" */ = {
			isa = XCConfigurationList;
			buildConfigurations = (
				2EAB3D7A166FEF2400FA8572 /* Debug */,
				2EAB3D7B166FEF2400FA8572 /* Release */,
			);
			defaultConfigurationIsVisible = 0;
			defaultConfigurationName = Release;
		};
/* End XCConfigurationList section */
	};
	rootObject = 2EAB3D4C166FEF2400FA8572 /* Project object */;
}
